
Microsoft Visual Studio Solution File, Format Version 12.00
# Visual Studio Version 17
VisualStudioVersion = 17.0.31612.314
MinimumVisualStudioVersion = 10.0.40219.1
Project("{FAE04EC0-301F-11D3-BF4B-00C04F79EFBC}") = "ILoveGXC", "ILoveGXC\ILoveGXC.csproj", "{8FFC7FB1-7967-4162-A926-E174E00124E9}"
EndProject
Project("{FAE04EC0-301F-11D3-BF4B-00C04F79EFBC}") = "GXCSharp", "GXCSharp\GXCSharp.csproj", "{7137FD47-BD53-4AC1-A3F7-8A6E7D03F465}"
EndProject
Global
	GlobalSection(SolutionConfigurationPlatforms) = preSolution
		Debug|Any CPU = Debug|Any CPU
		Release|Any CPU = Release|Any CPU
	EndGlobalSection
	GlobalSection(ProjectConfigurationPlatforms) = postSolution
		{8FFC7FB1-7967-4162-A926-E174E00124E9}.Debug|Any CPU.ActiveCfg = Debug|Any CPU
		{8FFC7FB1-7967-4162-A926-E174E00124E9}.Debug|Any CPU.Build.0 = Debug|Any CPU
		{8FFC7FB1-7967-4162-A926-E174E00124E9}.Release|Any CPU.ActiveCfg = Release|Any CPU
		{8FFC7FB1-7967-4162-A926-E174E00124E9}.Release|Any CPU.Build.0 = Release|Any CPU
		{7137FD47-BD53-4AC1-A3F7-8A6E7D03F465}.Debug|Any CPU.ActiveCfg = Debug|Any CPU
		{7137FD47-BD53-4AC1-A3F7-8A6E7D03F465}.Debug|Any CPU.Build.0 = Debug|Any CPU
		{7137FD47-BD53-4AC1-A3F7-8A6E7D03F465}.Release|Any CPU.ActiveCfg = Release|Any CPU
		{7137FD47-BD53-4AC1-A3F7-8A6E7D03F465}.Release|Any CPU.Build.0 = Release|Any CPU
	EndGlobalSection
	GlobalSection(SolutionProperties) = preSolution
		HideSolutionNode = FALSE
	EndGlobalSection
	GlobalSection(ExtensibilityGlobals) = postSolution
		SolutionGuid = {DDCCE752-95E0-4AA1-989B-C4E2B6454122}
	EndGlobalSection
EndGlobal
